// !$*UTF8*$!
{
	archiveVersion = 1;
	classes = {
	};
	objectVersion = 46;
	objects = {

/* Begin PBXBuildFile section */
		B52D5B8D1BB08CFC000C9306 /* OSXScanLib.framework in Frameworks */ = {isa = PBXBuildFile; fileRef = B52D5B8C1BB08CFC000C9306 /* OSXScanLib.framework */; };
		B52D5B8E1BB08CFC000C9306 /* OSXScanLib.framework in Embed Frameworks */ = {isa = PBXBuildFile; fileRef = B52D5B8C1BB08CFC000C9306 /* OSXScanLib.framework */; settings = {ATTRIBUTES = (CodeSignOnCopy, RemoveHeadersOnCopy, ); }; };
		B58E33771B910F570023C7E8 /* StartViewController.swift in Sources */ = {isa = PBXBuildFile; fileRef = B58E33761B910F570023C7E8 /* StartViewController.swift */; };
		B5CA0D2E1B8F6AEF005AC546 /* AppDelegate.swift in Sources */ = {isa = PBXBuildFile; fileRef = B5CA0D2D1B8F6AEF005AC546 /* AppDelegate.swift */; };
		B5CA0D301B8F6AEF005AC546 /* ViewController.swift in Sources */ = {isa = PBXBuildFile; fileRef = B5CA0D2F1B8F6AEF005AC546 /* ViewController.swift */; };
		B5CA0D331B8F6AEF005AC546 /* Main.storyboard in Resources */ = {isa = PBXBuildFile; fileRef = B5CA0D311B8F6AEF005AC546 /* Main.storyboard */; };
		B5CA0D351B8F6AEF005AC546 /* Images.xcassets in Resources */ = {isa = PBXBuildFile; fileRef = B5CA0D341B8F6AEF005AC546 /* Images.xcassets */; };
		B5CA0D381B8F6AEF005AC546 /* LaunchScreen.xib in Resources */ = {isa = PBXBuildFile; fileRef = B5CA0D361B8F6AEF005AC546 /* LaunchScreen.xib */; };
		B5CA0D441B8F6AEF005AC546 /* SampleApplicationTests.swift in Sources */ = {isa = PBXBuildFile; fileRef = B5CA0D431B8F6AEF005AC546 /* SampleApplicationTests.swift */; };
/* End PBXBuildFile section */

/* Begin PBXContainerItemProxy section */
		B5CA0D3E1B8F6AEF005AC546 /* PBXContainerItemProxy */ = {
			isa = PBXContainerItemProxy;
			containerPortal = B5CA0D201B8F6AEF005AC546 /* Project object */;
			proxyType = 1;
			remoteGlobalIDString = B5CA0D271B8F6AEF005AC546;
			remoteInfo = SampleApplication;
		};
/* End PBXContainerItemProxy section */

/* Begin PBXCopyFilesBuildPhase section */
		B5BCECAE1B94B28B0011DBF6 /* Embed Frameworks */ = {
			isa = PBXCopyFilesBuildPhase;
			buildActionMask = 2147483647;
			dstPath = "";
			dstSubfolderSpec = 10;
			files = (
				B52D5B8E1BB08CFC000C9306 /* OSXScanLib.framework in Embed Frameworks */,
			);
			name = "Embed Frameworks";
			runOnlyForDeploymentPostprocessing = 0;
		};
/* End PBXCopyFilesBuildPhase section */

/* Begin PBXFileReference section */
		B52D5B8C1BB08CFC000C9306 /* OSXScanLib.framework */ = {isa = PBXFileReference; lastKnownFileType = wrapper.framework; name = OSXScanLib.framework; path = ../OSXScanLib/OSXScanLib.framework; sourceTree = "<group>"; };
		B58E33761B910F570023C7E8 /* StartViewController.swift */ = {isa = PBXFileReference; fileEncoding = 4; lastKnownFileType = sourcecode.swift; path = StartViewController.swift; sourceTree = "<group>"; };
		B5CA0D281B8F6AEF005AC546 /* SampleApplication.app */ = {isa = PBXFileReference; explicitFileType = wrapper.application; includeInIndex = 0; path = SampleApplication.app; sourceTree = BUILT_PRODUCTS_DIR; };
		B5CA0D2C1B8F6AEF005AC546 /* Info.plist */ = {isa = PBXFileReference; lastKnownFileType = text.plist.xml; path = Info.plist; sourceTree = "<group>"; };
		B5CA0D2D1B8F6AEF005AC546 /* AppDelegate.swift */ = {isa = PBXFileReference; lastKnownFileType = sourcecode.swift; path = AppDelegate.swift; sourceTree = "<group>"; };
		B5CA0D2F1B8F6AEF005AC546 /* ViewController.swift */ = {isa = PBXFileReference; lastKnownFileType = sourcecode.swift; path = ViewController.swift; sourceTree = "<group>"; };
		B5CA0D321B8F6AEF005AC546 /* Base */ = {isa = PBXFileReference; lastKnownFileType = file.storyboard; name = Base; path = Base.lproj/Main.storyboard; sourceTree = "<group>"; };
		B5CA0D341B8F6AEF005AC546 /* Images.xcassets */ = {isa = PBXFileReference; lastKnownFileType = folder.assetcatalog; path = Images.xcassets; sourceTree = "<group>"; };
		B5CA0D371B8F6AEF005AC546 /* Base */ = {isa = PBXFileReference; lastKnownFileType = file.xib; name = Base; path = Base.lproj/LaunchScreen.xib; sourceTree = "<group>"; };
		B5CA0D3D1B8F6AEF005AC546 /* SampleApplicationTests.xctest */ = {isa = PBXFileReference; explicitFileType = wrapper.cfbundle; includeInIndex = 0; path = SampleApplicationTests.xctest; sourceTree = BUILT_PRODUCTS_DIR; };
		B5CA0D421B8F6AEF005AC546 /* Info.plist */ = {isa = PBXFileReference; lastKnownFileType = text.plist.xml; path = Info.plist; sourceTree = "<group>"; };
		B5CA0D431B8F6AEF005AC546 /* SampleApplicationTests.swift */ = {isa = PBXFileReference; lastKnownFileType = sourcecode.swift; path = SampleApplicationTests.swift; sourceTree = "<group>"; };
/* End PBXFileReference section */

/* Begin PBXFrameworksBuildPhase section */
		B5CA0D251B8F6AEF005AC546 /* Frameworks */ = {
			isa = PBXFrameworksBuildPhase;
			buildActionMask = 2147483647;
			files = (
				B52D5B8D1BB08CFC000C9306 /* OSXScanLib.framework in Frameworks */,
			);
			runOnlyForDeploymentPostprocessing = 0;
		};
		B5CA0D3A1B8F6AEF005AC546 /* Frameworks */ = {
			isa = PBXFrameworksBuildPhase;
			buildActionMask = 2147483647;
			files = (
			);
			runOnlyForDeploymentPostprocessing = 0;
		};
/* End PBXFrameworksBuildPhase section */

/* Begin PBXGroup section */
		B5CA0D1F1B8F6AEF005AC546 = {
			isa = PBXGroup;
			children = (
				B52D5B8C1BB08CFC000C9306 /* OSXScanLib.framework */,
				B5CA0D2A1B8F6AEF005AC546 /* SampleApplication */,
				B5CA0D401B8F6AEF005AC546 /* SampleApplicationTests */,
				B5CA0D291B8F6AEF005AC546 /* Products */,
			);
			sourceTree = "<group>";
		};
		B5CA0D291B8F6AEF005AC546 /* Products */ = {
			isa = PBXGroup;
			children = (
				B5CA0D281B8F6AEF005AC546 /* SampleApplication.app */,
				B5CA0D3D1B8F6AEF005AC546 /* SampleApplicationTests.xctest */,
			);
			name = Products;
			sourceTree = "<group>";
		};
		B5CA0D2A1B8F6AEF005AC546 /* SampleApplication */ = {
			isa = PBXGroup;
			children = (
				B5CA0D2D1B8F6AEF005AC546 /* AppDelegate.swift */,
				B5CA0D2F1B8F6AEF005AC546 /* ViewController.swift */,
				B5CA0D311B8F6AEF005AC546 /* Main.storyboard */,
				B5CA0D341B8F6AEF005AC546 /* Images.xcassets */,
				B5CA0D361B8F6AEF005AC546 /* LaunchScreen.xib */,
				B5CA0D2B1B8F6AEF005AC546 /* Supporting Files */,
				B58E33761B910F570023C7E8 /* StartViewController.swift */,
			);
			path = SampleApplication;
			sourceTree = "<group>";
		};
		B5CA0D2B1B8F6AEF005AC546 /* Supporting Files */ = {
			isa = PBXGroup;
			children = (
				B5CA0D2C1B8F6AEF005AC546 /* Info.plist */,
			);
			name = "Supporting Files";
			sourceTree = "<group>";
		};
		B5CA0D401B8F6AEF005AC546 /* SampleApplicationTests */ = {
			isa = PBXGroup;
			children = (
				B5CA0D431B8F6AEF005AC546 /* SampleApplicationTests.swift */,
				B5CA0D411B8F6AEF005AC546 /* Supporting Files */,
			);
			path = SampleApplicationTests;
			sourceTree = "<group>";
		};
		B5CA0D411B8F6AEF005AC546 /* Supporting Files */ = {
			isa = PBXGroup;
			children = (
				B5CA0D421B8F6AEF005AC546 /* Info.plist */,
			);
			name = "Supporting Files";
			sourceTree = "<group>";
		};
/* End PBXGroup section */

/* Begin PBXNativeTarget section */
		B5CA0D271B8F6AEF005AC546 /* SampleApplication */ = {
			isa = PBXNativeTarget;
			buildConfigurationList = B5CA0D471B8F6AEF005AC546 /* Build configuration list for PBXNativeTarget "SampleApplication" */;
			buildPhases = (
				B5CA0D241B8F6AEF005AC546 /* Sources */,
				B5CA0D251B8F6AEF005AC546 /* Frameworks */,
				B5CA0D261B8F6AEF005AC546 /* Resources */,
				B5BCECAE1B94B28B0011DBF6 /* Embed Frameworks */,
				B54946061BB1E740003A14F6 /* ShellScript */,
			);
			buildRules = (
			);
			dependencies = (
			);
			name = SampleApplication;
			productName = SampleApplication;
			productReference = B5CA0D281B8F6AEF005AC546 /* SampleApplication.app */;
			productType = "com.apple.product-type.application";
		};
		B5CA0D3C1B8F6AEF005AC546 /* SampleApplicationTests */ = {
			isa = PBXNativeTarget;
			buildConfigurationList = B5CA0D4A1B8F6AEF005AC546 /* Build configuration list for PBXNativeTarget "SampleApplicationTests" */;
			buildPhases = (
				B5CA0D391B8F6AEF005AC546 /* Sources */,
				B5CA0D3A1B8F6AEF005AC546 /* Frameworks */,
				B5CA0D3B1B8F6AEF005AC546 /* Resources */,
			);
			buildRules = (
			);
			dependencies = (
				B5CA0D3F1B8F6AEF005AC546 /* PBXTargetDependency */,
			);
			name = SampleApplicationTests;
			productName = SampleApplicationTests;
			productReference = B5CA0D3D1B8F6AEF005AC546 /* SampleApplicationTests.xctest */;
			productType = "com.apple.product-type.bundle.unit-test";
		};
/* End PBXNativeTarget section */

/* Begin PBXProject section */
		B5CA0D201B8F6AEF005AC546 /* Project object */ = {
			isa = PBXProject;
			attributes = {
				LastSwiftMigration = 0700;
				LastSwiftUpdateCheck = 0700;
				LastUpgradeCheck = 0700;
				ORGANIZATIONNAME = Pixo;
				TargetAttributes = {
					B5CA0D271B8F6AEF005AC546 = {
						CreatedOnToolsVersion = 6.4;
						LastSwiftMigration = 0820;
					};
					B5CA0D3C1B8F6AEF005AC546 = {
						CreatedOnToolsVersion = 6.4;
						LastSwiftMigration = 0820;
						TestTargetID = B5CA0D271B8F6AEF005AC546;
					};
				};
			};
			buildConfigurationList = B5CA0D231B8F6AEF005AC546 /* Build configuration list for PBXProject "SampleApplication" */;
			compatibilityVersion = "Xcode 3.2";
			developmentRegion = English;
			hasScannedForEncodings = 0;
			knownRegions = (
				English,
				en,
				Base,
			);
			mainGroup = B5CA0D1F1B8F6AEF005AC546;
			productRefGroup = B5CA0D291B8F6AEF005AC546 /* Products */;
			projectDirPath = "";
			projectRoot = "";
			targets = (
				B5CA0D271B8F6AEF005AC546 /* SampleApplication */,
				B5CA0D3C1B8F6AEF005AC546 /* SampleApplicationTests */,
			);
		};
/* End PBXProject section */

/* Begin PBXResourcesBuildPhase section */
		B5CA0D261B8F6AEF005AC546 /* Resources */ = {
			isa = PBXResourcesBuildPhase;
			buildActionMask = 2147483647;
			files = (
				B5CA0D331B8F6AEF005AC546 /* Main.storyboard in Resources */,
				B5CA0D381B8F6AEF005AC546 /* LaunchScreen.xib in Resources */,
				B5CA0D351B8F6AEF005AC546 /* Images.xcassets in Resources */,
			);
			runOnlyForDeploymentPostprocessing = 0;
		};
		B5CA0D3B1B8F6AEF005AC546 /* Resources */ = {
			isa = PBXResourcesBuildPhase;
			buildActionMask = 2147483647;
			files = (
			);
			runOnlyForDeploymentPostprocessing = 0;
		};
/* End PBXResourcesBuildPhase section */

/* Begin PBXShellScriptBuildPhase section */
		B54946061BB1E740003A14F6 /* ShellScript */ = {
			isa = PBXShellScriptBuildPhase;
			buildActionMask = 2147483647;
			files = (
			);
			inputPaths = (
			);
			outputPaths = (
			);
			runOnlyForDeploymentPostprocessing = 0;
			shellPath = /bin/sh;
			shellScript = "if [ \"${CONFIGURATION}\" == \"Release\" ]; then\n    ${PROJECT_DIR}/../OSXScanLib/scripts/strip-frameworks.sh\nfi";
		};
/* End PBXShellScriptBuildPhase section */

/* Begin PBXSourcesBuildPhase section */
		B5CA0D241B8F6AEF005AC546 /* Sources */ = {
			isa = PBXSourcesBuildPhase;
			buildActionMask = 2147483647;
			files = (
				B5CA0D301B8F6AEF005AC546 /* ViewController.swift in Sources */,
				B5CA0D2E1B8F6AEF005AC546 /* AppDelegate.swift in Sources */,
				B58E33771B910F570023C7E8 /* StartViewController.swift in Sources */,
			);
			runOnlyForDeploymentPostprocessing = 0;
		};
		B5CA0D391B8F6AEF005AC546 /* Sources */ = {
			isa = PBXSourcesBuildPhase;
			buildActionMask = 2147483647;
			files = (
				B5CA0D441B8F6AEF005AC546 /* SampleApplicationTests.swift in Sources */,
			);
			runOnlyForDeploymentPostprocessing = 0;
		};
/* End PBXSourcesBuildPhase section */

/* Begin PBXTargetDependency section */
		B5CA0D3F1B8F6AEF005AC546 /* PBXTargetDependency */ = {
			isa = PBXTargetDependency;
			target = B5CA0D271B8F6AEF005AC546 /* SampleApplication */;
			targetProxy = B5CA0D3E1B8F6AEF005AC546 /* PBXContainerItemProxy */;
		};
/* End PBXTargetDependency section */

/* Begin PBXVariantGroup section */
		B5CA0D311B8F6AEF005AC546 /* Main.storyboard */ = {
			isa = PBXVariantGroup;
			children = (
				B5CA0D321B8F6AEF005AC546 /* Base */,
			);
			name = Main.storyboard;
			sourceTree = "<group>";
		};
		B5CA0D361B8F6AEF005AC546 /* LaunchScreen.xib */ = {
			isa = PBXVariantGroup;
			children = (
				B5CA0D371B8F6AEF005AC546 /* Base */,
			);
			name = LaunchScreen.xib;
			sourceTree = "<group>";
		};
/* End PBXVariantGroup section */

/* Begin XCBuildConfiguration section */
		B5CA0D451B8F6AEF005AC546 /* Debug */ = {
			isa = XCBuildConfiguration;
			buildSettings = {
				ALWAYS_SEARCH_USER_PATHS = NO;
				CLANG_CXX_LANGUAGE_STANDARD = "gnu++0x";
				CLANG_CXX_LIBRARY = "libc++";
				CLANG_ENABLE_MODULES = YES;
				CLANG_ENABLE_OBJC_ARC = YES;
				CLANG_WARN_BOOL_CONVERSION = YES;
				CLANG_WARN_CONSTANT_CONVERSION = YES;
				CLANG_WARN_DIRECT_OBJC_ISA_USAGE = YES_ERROR;
				CLANG_WARN_EMPTY_BODY = YES;
				CLANG_WARN_ENUM_CONVERSION = YES;
				CLANG_WARN_INT_CONVERSION = YES;
				CLANG_WARN_OBJC_ROOT_CLASS = YES_ERROR;
				CLANG_WARN_UNREACHABLE_CODE = YES;
				CLANG_WARN__DUPLICATE_METHOD_MATCH = YES;
				"CODE_SIGN_IDENTITY[sdk=iphoneos*]" = "iPhone Developer";
				COPY_PHASE_STRIP = NO;
				DEBUG_INFORMATION_FORMAT = "dwarf-with-dsym";
				ENABLE_STRICT_OBJC_MSGSEND = YES;
				ENABLE_TESTABILITY = YES;
				GCC_C_LANGUAGE_STANDARD = gnu99;
				GCC_DYNAMIC_NO_PIC = NO;
				GCC_NO_COMMON_BLOCKS = YES;
				GCC_OPTIMIZATION_LEVEL = 0;
				GCC_PREPROCESSOR_DEFINITIONS = (
					"DEBUG=1",
					"$(inherited)",
				);
				GCC_SYMBOLS_PRIVATE_EXTERN = NO;
				GCC_WARN_64_TO_32_BIT_CONVERSION = YES;
				GCC_WARN_ABOUT_RETURN_TYPE = YES_ERROR;
				GCC_WARN_UNDECLARED_SELECTOR = YES;
				GCC_WARN_UNINITIALIZED_AUTOS = YES_AGGRESSIVE;
				GCC_WARN_UNUSED_FUNCTION = YES;
				GCC_WARN_UNUSED_VARIABLE = YES;
				IPHONEOS_DEPLOYMENT_TARGET = 8.4;
				MTL_ENABLE_DEBUG_INFO = YES;
				ONLY_ACTIVE_ARCH = YES;
				SDKROOT = iphoneos;
				SWIFT_OPTIMIZATION_LEVEL = "-Onone";
				VALIDATE_WORKSPACE = NO;
			};
			name = Debug;
		};
		B5CA0D461B8F6AEF005AC546 /* Release */ = {
			isa = XCBuildConfiguration;
			buildSettings = {
				ALWAYS_SEARCH_USER_PATHS = NO;
				CLANG_CXX_LANGUAGE_STANDARD = "gnu++0x";
				CLANG_CXX_LIBRARY = "libc++";
				CLANG_ENABLE_MODULES = YES;
				CLANG_ENABLE_OBJC_ARC = YES;
				CLANG_WARN_BOOL_CONVERSION = YES;
				CLANG_WARN_CONSTANT_CONVERSION = YES;
				CLANG_WARN_DIRECT_OBJC_ISA_USAGE = YES_ERROR;
				CLANG_WARN_EMPTY_BODY = YES;
				CLANG_WARN_ENUM_CONVERSION = YES;
				CLANG_WARN_INT_CONVERSION = YES;
				CLANG_WARN_OBJC_ROOT_CLASS = YES_ERROR;
				CLANG_WARN_UNREACHABLE_CODE = YES;
				CLANG_WARN__DUPLICATE_METHOD_MATCH = YES;
				"CODE_SIGN_IDENTITY[sdk=iphoneos*]" = "iPhone Developer";
				COPY_PHASE_STRIP = NO;
				DEBUG_INFORMATION_FORMAT = "dwarf-with-dsym";
				ENABLE_NS_ASSERTIONS = NO;
				ENABLE_STRICT_OBJC_MSGSEND = YES;
				GCC_C_LANGUAGE_STANDARD = gnu99;
				GCC_NO_COMMON_BLOCKS = YES;
				GCC_WARN_64_TO_32_BIT_CONVERSION = YES;
				GCC_WARN_ABOUT_RETURN_TYPE = YES_ERROR;
				GCC_WARN_UNDECLARED_SELECTOR = YES;
				GCC_WARN_UNINITIALIZED_AUTOS = YES_AGGRESSIVE;
				GCC_WARN_UNUSED_FUNCTION = YES;
				GCC_WARN_UNUSED_VARIABLE = YES;
				IPHONEOS_DEPLOYMENT_TARGET = 8.4;
				MTL_ENABLE_DEBUG_INFO = NO;
				SDKROOT = iphoneos;
				VALIDATE_PRODUCT = YES;
				VALIDATE_WORKSPACE = NO;
			};
			name = Release;
		};
		B5CA0D481B8F6AEF005AC546 /* Debug */ = {
			isa = XCBuildConfiguration;
			buildSettings = {
				ASSETCATALOG_COMPILER_APPICON_NAME = AppIcon;
				FRAMEWORK_SEARCH_PATHS = (
					"$(inherited)",
					"$(PROJECT_DIR)",
					../OSXScanLib,
				);
				INFOPLIST_FILE = SampleApplication/Info.plist;
				LD_RUNPATH_SEARCH_PATHS = "$(inherited) @executable_path/Frameworks";
				PRODUCT_BUNDLE_IDENTIFIER = com.pixotech.sample;
				PRODUCT_NAME = "$(TARGET_NAME)";
				SWIFT_VERSION = 4.0;
			};
			name = Debug;
		};
		B5CA0D491B8F6AEF005AC546 /* Release */ = {
			isa = XCBuildConfiguration;
			buildSettings = {
				ASSETCATALOG_COMPILER_APPICON_NAME = AppIcon;
				FRAMEWORK_SEARCH_PATHS = (
					"$(inherited)",
					"$(PROJECT_DIR)",
					../OSXScanLib,
				);
				INFOPLIST_FILE = SampleApplication/Info.plist;
				LD_RUNPATH_SEARCH_PATHS = "$(inherited) @executable_path/Frameworks";
				PRODUCT_BUNDLE_IDENTIFIER = com.pixotech.sample;
				PRODUCT_NAME = "$(TARGET_NAME)";
				SWIFT_VERSION = 4.0;
			};
			name = Release;
		};
		B5CA0D4B1B8F6AEF005AC546 /* Debug */ = {
			isa = XCBuildConfiguration;
			buildSettings = {
				BUNDLE_LOADER = "$(TEST_HOST)";
				FRAMEWORK_SEARCH_PATHS = (
					"$(SDKROOT)/Developer/Library/Frameworks",
					"$(inherited)",
				);
				GCC_PREPROCESSOR_DEFINITIONS = (
					"DEBUG=1",
					"$(inherited)",
				);
				INFOPLIST_FILE = SampleApplicationTests/Info.plist;
				LD_RUNPATH_SEARCH_PATHS = "$(inherited) @executable_path/Frameworks @loader_path/Frameworks";
				PRODUCT_BUNDLE_IDENTIFIER = "com.pixotech.$(PRODUCT_NAME:rfc1034identifier)";
				PRODUCT_NAME = "$(TARGET_NAME)";
				SWIFT_VERSION = 3.0;
				TEST_HOST = "$(BUILT_PRODUCTS_DIR)/SampleApplication.app/SampleApplication";
			};
			name = Debug;
		};
		B5CA0D4C1B8F6AEF005AC546 /* Release */ = {
			isa = XCBuildConfiguration;
			buildSettings = {
				BUNDLE_LOADER = "$(TEST_HOST)";
				FRAMEWORK_SEARCH_PATHS = (
					"$(SDKROOT)/Developer/Library/Frameworks",
					"$(inherited)",
				);
				INFOPLIST_FILE = SampleApplicationTests/Info.plist;
				LD_RUNPATH_SEARCH_PATHS = "$(inherited) @executable_path/Frameworks @loader_path/Frameworks";
				PRODUCT_BUNDLE_IDENTIFIER = "com.pixotech.$(PRODUCT_NAME:rfc1034identifier)";
				PRODUCT_NAME = "$(TARGET_NAME)";
				SWIFT_VERSION = 3.0;
				TEST_HOST = "$(BUILT_PRODUCTS_DIR)/SampleApplication.app/SampleApplication";
			};
			name = Release;
		};
/* End XCBuildConfiguration section */

/* Begin XCConfigurationList section */
		B5CA0D231B8F6AEF005AC546 /* Build configuration list for PBXProject "SampleApplication" */ = {
			isa = XCConfigurationList;
			buildConfigurations = (
				B5CA0D451B8F6AEF005AC546 /* Debug */,
				B5CA0D461B8F6AEF005AC546 /* Release */,
			);
			defaultConfigurationIsVisible = 0;
			defaultConfigurationName = Release;
		};
		B5CA0D471B8F6AEF005AC546 /* Build configuration list for PBXNativeTarget "SampleApplication" */ = {
			isa = XCConfigurationList;
			buildConfigurations = (
				B5CA0D481B8F6AEF005AC546 /* Debug */,
				B5CA0D491B8F6AEF005AC546 /* Release */,
			);
			defaultConfigurationIsVisible = 0;
			defaultConfigurationName = Release;
		};
		B5CA0D4A1B8F6AEF005AC546 /* Build configuration list for PBXNativeTarget "SampleApplicationTests" */ = {
			isa = XCConfigurationList;
			buildConfigurations = (
				B5CA0D4B1B8F6AEF005AC546 /* Debug */,
				B5CA0D4C1B8F6AEF005AC546 /* Release */,
			);
			defaultConfigurationIsVisible = 0;
			defaultConfigurationName = Release;
		};
/* End XCConfigurationList section */
	};
	rootObject = B5CA0D201B8F6AEF005AC546 /* Project object */;
}
